
Microsoft Visual Studio Solution File, Format Version 12.00
# Visual Studio Version 17
VisualStudioVersion = 17.14.36221.1 d17.14
MinimumVisualStudioVersion = 10.0.40219.1
Project("{FAE04EC0-301F-11D3-BF4B-00C04F79EFBC}") = "Assignment_6.3", "Assignment_6.3.csproj", "{93E83C15-A6B6-4930-81E6-295401FEDCB1}"
EndProject
Global
	GlobalSection(SolutionConfigurationPlatforms) = preSolution
		Debug|Any CPU = Debug|Any CPU
		Release|Any CPU = Release|Any CPU
	EndGlobalSection
	GlobalSection(ProjectConfigurationPlatforms) = postSolution
		{93E83C15-A6B6-4930-81E6-295401FEDCB1}.Debug|Any CPU.ActiveCfg = Debug|Any CPU
		{93E83C15-A6B6-4930-81E6-295401FEDCB1}.Debug|Any CPU.Build.0 = Debug|Any CPU
		{93E83C15-A6B6-4930-81E6-295401FEDCB1}.Release|Any CPU.ActiveCfg = Release|Any CPU
		{93E83C15-A6B6-4930-81E6-295401FEDCB1}.Release|Any CPU.Build.0 = Release|Any CPU
	EndGlobalSection
	GlobalSection(SolutionProperties) = preSolution
		HideSolutionNode = FALSE
	EndGlobalSection
	GlobalSection(ExtensibilityGlobals) = postSolution
		SolutionGuid = {AFC3638B-07DD-4F8E-8703-6BDD0ABFA00C}
	EndGlobalSection
EndGlobal
